// !$*UTF8*$!
{
	archiveVersion = 1;
	classes = {
	};
	objectVersion = 50;
	objects = {

/* Begin PBXBuildFile section */
		05186BFF2681239000F46EEC /* LandmarksApp.swift in Sources */ = {isa = PBXBuildFile; fileRef = 05186BFE2681239000F46EEC /* LandmarksApp.swift */; };
		05186C012681239000F46EEC /* ContentView.swift in Sources */ = {isa = PBXBuildFile; fileRef = 05186C002681239000F46EEC /* ContentView.swift */; };
		05186C032681239100F46EEC /* Assets.xcassets in Resources */ = {isa = PBXBuildFile; fileRef = 05186C022681239100F46EEC /* Assets.xcassets */; };
		05186C062681239100F46EEC /* Preview Assets.xcassets in Resources */ = {isa = PBXBuildFile; fileRef = 05186C052681239100F46EEC /* Preview Assets.xcassets */; };
		05186C112681239200F46EEC /* LandmarksTests.swift in Sources */ = {isa = PBXBuildFile; fileRef = 05186C102681239200F46EEC /* LandmarksTests.swift */; };
		05186C1C2681239200F46EEC /* LandmarksUITests.swift in Sources */ = {isa = PBXBuildFile; fileRef = 05186C1B2681239200F46EEC /* LandmarksUITests.swift */; };
		05186C2A26812A2500F46EEC /* CircleImage.swift in Sources */ = {isa = PBXBuildFile; fileRef = 05186C2926812A2500F46EEC /* CircleImage.swift */; };
		05186C2C26812B9000F46EEC /* MapView.swift in Sources */ = {isa = PBXBuildFile; fileRef = 05186C2B26812B9000F46EEC /* MapView.swift */; };
		05186C2E2682BBF100F46EEC /* landmarkData.json in Resources */ = {isa = PBXBuildFile; fileRef = 05186C2D2682BBF100F46EEC /* landmarkData.json */; };
		05186C302682BC3F00F46EEC /* Landmark.swift in Sources */ = {isa = PBXBuildFile; fileRef = 05186C2F2682BC3F00F46EEC /* Landmark.swift */; };
		05186C322682BE4F00F46EEC /* ModelData.swift in Sources */ = {isa = PBXBuildFile; fileRef = 05186C312682BE4F00F46EEC /* ModelData.swift */; };
		05186C372682C49100F46EEC /* LandmarkRow.swift in Sources */ = {isa = PBXBuildFile; fileRef = 05186C362682C49100F46EEC /* LandmarkRow.swift */; };
		05186C392682C6F500F46EEC /* LandmarkList.swift in Sources */ = {isa = PBXBuildFile; fileRef = 05186C382682C6F500F46EEC /* LandmarkList.swift */; };
		053770B52683B92B00049FC3 /* LandmarkDetail.swift in Sources */ = {isa = PBXBuildFile; fileRef = 053770B42683B92B00049FC3 /* LandmarkDetail.swift */; };
/* End PBXBuildFile section */

/* Begin PBXContainerItemProxy section */
		05186C0D2681239200F46EEC /* PBXContainerItemProxy */ = {
			isa = PBXContainerItemProxy;
			containerPortal = 05186BF32681239000F46EEC /* Project object */;
			proxyType = 1;
			remoteGlobalIDString = 05186BFA2681239000F46EEC;
			remoteInfo = Landmarks;
		};
		05186C182681239200F46EEC /* PBXContainerItemProxy */ = {
			isa = PBXContainerItemProxy;
			containerPortal = 05186BF32681239000F46EEC /* Project object */;
			proxyType = 1;
			remoteGlobalIDString = 05186BFA2681239000F46EEC;
			remoteInfo = Landmarks;
		};
/* End PBXContainerItemProxy section */

/* Begin PBXFileReference section */
		05186BFB2681239000F46EEC /* Landmarks.app */ = {isa = PBXFileReference; explicitFileType = wrapper.application; includeInIndex = 0; path = Landmarks.app; sourceTree = BUILT_PRODUCTS_DIR; };
		05186BFE2681239000F46EEC /* LandmarksApp.swift */ = {isa = PBXFileReference; lastKnownFileType = sourcecode.swift; path = LandmarksApp.swift; sourceTree = "<group>"; };
		05186C002681239000F46EEC /* ContentView.swift */ = {isa = PBXFileReference; lastKnownFileType = sourcecode.swift; path = ContentView.swift; sourceTree = "<group>"; };
		05186C022681239100F46EEC /* Assets.xcassets */ = {isa = PBXFileReference; lastKnownFileType = folder.assetcatalog; path = Assets.xcassets; sourceTree = "<group>"; };
		05186C052681239100F46EEC /* Preview Assets.xcassets */ = {isa = PBXFileReference; lastKnownFileType = folder.assetcatalog; path = "Preview Assets.xcassets"; sourceTree = "<group>"; };
		05186C072681239200F46EEC /* Info.plist */ = {isa = PBXFileReference; lastKnownFileType = text.plist.xml; path = Info.plist; sourceTree = "<group>"; };
		05186C0C2681239200F46EEC /* LandmarksTests.xctest */ = {isa = PBXFileReference; explicitFileType = wrapper.cfbundle; includeInIndex = 0; path = LandmarksTests.xctest; sourceTree = BUILT_PRODUCTS_DIR; };
		05186C102681239200F46EEC /* LandmarksTests.swift */ = {isa = PBXFileReference; lastKnownFileType = sourcecode.swift; path = LandmarksTests.swift; sourceTree = "<group>"; };
		05186C122681239200F46EEC /* Info.plist */ = {isa = PBXFileReference; lastKnownFileType = text.plist.xml; path = Info.plist; sourceTree = "<group>"; };
		05186C172681239200F46EEC /* LandmarksUITests.xctest */ = {isa = PBXFileReference; explicitFileType = wrapper.cfbundle; includeInIndex = 0; path = LandmarksUITests.xctest; sourceTree = BUILT_PRODUCTS_DIR; };
		05186C1B2681239200F46EEC /* LandmarksUITests.swift */ = {isa = PBXFileReference; lastKnownFileType = sourcecode.swift; path = LandmarksUITests.swift; sourceTree = "<group>"; };
		05186C1D2681239200F46EEC /* Info.plist */ = {isa = PBXFileReference; lastKnownFileType = text.plist.xml; path = Info.plist; sourceTree = "<group>"; };
		05186C2926812A2500F46EEC /* CircleImage.swift */ = {isa = PBXFileReference; lastKnownFileType = sourcecode.swift; path = CircleImage.swift; sourceTree = "<group>"; };
		05186C2B26812B9000F46EEC /* MapView.swift */ = {isa = PBXFileReference; lastKnownFileType = sourcecode.swift; path = MapView.swift; sourceTree = "<group>"; };
		05186C2D2682BBF100F46EEC /* landmarkData.json */ = {isa = PBXFileReference; fileEncoding = 4; lastKnownFileType = text.json; path = landmarkData.json; sourceTree = "<group>"; };
		05186C2F2682BC3F00F46EEC /* Landmark.swift */ = {isa = PBXFileReference; lastKnownFileType = sourcecode.swift; path = Landmark.swift; sourceTree = "<group>"; };
		05186C312682BE4F00F46EEC /* ModelData.swift */ = {isa = PBXFileReference; lastKnownFileType = sourcecode.swift; path = ModelData.swift; sourceTree = "<group>"; };
		05186C362682C49100F46EEC /* LandmarkRow.swift */ = {isa = PBXFileReference; lastKnownFileType = sourcecode.swift; path = LandmarkRow.swift; sourceTree = "<group>"; };
		05186C382682C6F500F46EEC /* LandmarkList.swift */ = {isa = PBXFileReference; lastKnownFileType = sourcecode.swift; path = LandmarkList.swift; sourceTree = "<group>"; };
		053770B42683B92B00049FC3 /* LandmarkDetail.swift */ = {isa = PBXFileReference; lastKnownFileType = sourcecode.swift; path = LandmarkDetail.swift; sourceTree = "<group>"; };
/* End PBXFileReference section */

/* Begin PBXFrameworksBuildPhase section */
		05186BF82681239000F46EEC /* Frameworks */ = {
			isa = PBXFrameworksBuildPhase;
			buildActionMask = 2147483647;
			files = (
			);
			runOnlyForDeploymentPostprocessing = 0;
		};
		05186C092681239200F46EEC /* Frameworks */ = {
			isa = PBXFrameworksBuildPhase;
			buildActionMask = 2147483647;
			files = (
			);
			runOnlyForDeploymentPostprocessing = 0;
		};
		05186C142681239200F46EEC /* Frameworks */ = {
			isa = PBXFrameworksBuildPhase;
			buildActionMask = 2147483647;
			files = (
			);
			runOnlyForDeploymentPostprocessing = 0;
		};
/* End PBXFrameworksBuildPhase section */

/* Begin PBXGroup section */
		05186BF22681239000F46EEC = {
			isa = PBXGroup;
			children = (
				05186BFD2681239000F46EEC /* Landmarks */,
				05186C0F2681239200F46EEC /* LandmarksTests */,
				05186C1A2681239200F46EEC /* LandmarksUITests */,
				05186BFC2681239000F46EEC /* Products */,
			);
			sourceTree = "<group>";
		};
		05186BFC2681239000F46EEC /* Products */ = {
			isa = PBXGroup;
			children = (
				05186BFB2681239000F46EEC /* Landmarks.app */,
				05186C0C2681239200F46EEC /* LandmarksTests.xctest */,
				05186C172681239200F46EEC /* LandmarksUITests.xctest */,
			);
			name = Products;
			sourceTree = "<group>";
		};
		05186BFD2681239000F46EEC /* Landmarks */ = {
			isa = PBXGroup;
			children = (
				05186BFE2681239000F46EEC /* LandmarksApp.swift */,
				05186C332682C39200F46EEC /* Views */,
				05186C342682C3B700F46EEC /* Model */,
				05186C352682C3C500F46EEC /* Resources */,
				05186C022681239100F46EEC /* Assets.xcassets */,
				05186C072681239200F46EEC /* Info.plist */,
				05186C042681239100F46EEC /* Preview Content */,
			);
			path = Landmarks;
			sourceTree = "<group>";
		};
		05186C042681239100F46EEC /* Preview Content */ = {
			isa = PBXGroup;
			children = (
				05186C052681239100F46EEC /* Preview Assets.xcassets */,
			);
			path = "Preview Content";
			sourceTree = "<group>";
		};
		05186C0F2681239200F46EEC /* LandmarksTests */ = {
			isa = PBXGroup;
			children = (
				05186C102681239200F46EEC /* LandmarksTests.swift */,
				05186C122681239200F46EEC /* Info.plist */,
			);
			path = LandmarksTests;
			sourceTree = "<group>";
		};
		05186C1A2681239200F46EEC /* LandmarksUITests */ = {
			isa = PBXGroup;
			children = (
				05186C1B2681239200F46EEC /* LandmarksUITests.swift */,
				05186C1D2681239200F46EEC /* Info.plist */,
			);
			path = LandmarksUITests;
			sourceTree = "<group>";
		};
		05186C332682C39200F46EEC /* Views */ = {
			isa = PBXGroup;
			children = (
				05186C002681239000F46EEC /* ContentView.swift */,
				05186C2926812A2500F46EEC /* CircleImage.swift */,
				05186C2B26812B9000F46EEC /* MapView.swift */,
				05186C362682C49100F46EEC /* LandmarkRow.swift */,
				05186C382682C6F500F46EEC /* LandmarkList.swift */,
				053770B42683B92B00049FC3 /* LandmarkDetail.swift */,
			);
			path = Views;
			sourceTree = "<group>";
		};
		05186C342682C3B700F46EEC /* Model */ = {
			isa = PBXGroup;
			children = (
				05186C2F2682BC3F00F46EEC /* Landmark.swift */,
				05186C312682BE4F00F46EEC /* ModelData.swift */,
			);
			path = Model;
			sourceTree = "<group>";
		};
		05186C352682C3C500F46EEC /* Resources */ = {
			isa = PBXGroup;
			children = (
				05186C2D2682BBF100F46EEC /* landmarkData.json */,
			);
			path = Resources;
			sourceTree = "<group>";
		};
/* End PBXGroup section */

/* Begin PBXNativeTarget section */
		05186BFA2681239000F46EEC /* Landmarks */ = {
			isa = PBXNativeTarget;
			buildConfigurationList = 05186C202681239200F46EEC /* Build configuration list for PBXNativeTarget "Landmarks" */;
			buildPhases = (
				05186BF72681239000F46EEC /* Sources */,
				05186BF82681239000F46EEC /* Frameworks */,
				05186BF92681239000F46EEC /* Resources */,
			);
			buildRules = (
			);
			dependencies = (
			);
			name = Landmarks;
			productName = Landmarks;
			productReference = 05186BFB2681239000F46EEC /* Landmarks.app */;
			productType = "com.apple.product-type.application";
		};
		05186C0B2681239200F46EEC /* LandmarksTests */ = {
			isa = PBXNativeTarget;
			buildConfigurationList = 05186C232681239200F46EEC /* Build configuration list for PBXNativeTarget "LandmarksTests" */;
			buildPhases = (
				05186C082681239200F46EEC /* Sources */,
				05186C092681239200F46EEC /* Frameworks */,
				05186C0A2681239200F46EEC /* Resources */,
			);
			buildRules = (
			);
			dependencies = (
				05186C0E2681239200F46EEC /* PBXTargetDependency */,
			);
			name = LandmarksTests;
			productName = LandmarksTests;
			productReference = 05186C0C2681239200F46EEC /* LandmarksTests.xctest */;
			productType = "com.apple.product-type.bundle.unit-test";
		};
		05186C162681239200F46EEC /* LandmarksUITests */ = {
			isa = PBXNativeTarget;
			buildConfigurationList = 05186C262681239200F46EEC /* Build configuration list for PBXNativeTarget "LandmarksUITests" */;
			buildPhases = (
				05186C132681239200F46EEC /* Sources */,
				05186C142681239200F46EEC /* Frameworks */,
				05186C152681239200F46EEC /* Resources */,
			);
			buildRules = (
			);
			dependencies = (
				05186C192681239200F46EEC /* PBXTargetDependency */,
			);
			name = LandmarksUITests;
			productName = LandmarksUITests;
			productReference = 05186C172681239200F46EEC /* LandmarksUITests.xctest */;
			productType = "com.apple.product-type.bundle.ui-testing";
		};
/* End PBXNativeTarget section */

/* Begin PBXProject section */
		05186BF32681239000F46EEC /* Project object */ = {
			isa = PBXProject;
			attributes = {
				LastSwiftUpdateCheck = 1250;
				LastUpgradeCheck = 1250;
				TargetAttributes = {
					05186BFA2681239000F46EEC = {
						CreatedOnToolsVersion = 12.5.1;
					};
					05186C0B2681239200F46EEC = {
						CreatedOnToolsVersion = 12.5.1;
						TestTargetID = 05186BFA2681239000F46EEC;
					};
					05186C162681239200F46EEC = {
						CreatedOnToolsVersion = 12.5.1;
						TestTargetID = 05186BFA2681239000F46EEC;
					};
				};
			};
			buildConfigurationList = 05186BF62681239000F46EEC /* Build configuration list for PBXProject "Landmarks" */;
			compatibilityVersion = "Xcode 9.3";
			developmentRegion = en;
			hasScannedForEncodings = 0;
			knownRegions = (
				en,
				Base,
			);
			mainGroup = 05186BF22681239000F46EEC;
			productRefGroup = 05186BFC2681239000F46EEC /* Products */;
			projectDirPath = "";
			projectRoot = "";
			targets = (
				05186BFA2681239000F46EEC /* Landmarks */,
				05186C0B2681239200F46EEC /* LandmarksTests */,
				05186C162681239200F46EEC /* LandmarksUITests */,
			);
		};
/* End PBXProject section */

/* Begin PBXResourcesBuildPhase section */
		05186BF92681239000F46EEC /* Resources */ = {
			isa = PBXResourcesBuildPhase;
			buildActionMask = 2147483647;
			files = (
				05186C062681239100F46EEC /* Preview Assets.xcassets in Resources */,
				05186C032681239100F46EEC /* Assets.xcassets in Resources */,
				05186C2E2682BBF100F46EEC /* landmarkData.json in Resources */,
			);
			runOnlyForDeploymentPostprocessing = 0;
		};
		05186C0A2681239200F46EEC /* Resources */ = {
			isa = PBXResourcesBuildPhase;
			buildActionMask = 2147483647;
			files = (
			);
			runOnlyForDeploymentPostprocessing = 0;
		};
		05186C152681239200F46EEC /* Resources */ = {
			isa = PBXResourcesBuildPhase;
			buildActionMask = 2147483647;
			files = (
			);
			runOnlyForDeploymentPostprocessing = 0;
		};
/* End PBXResourcesBuildPhase section */

/* Begin PBXSourcesBuildPhase section */
		05186BF72681239000F46EEC /* Sources */ = {
			isa = PBXSourcesBuildPhase;
			buildActionMask = 2147483647;
			files = (
				05186C012681239000F46EEC /* ContentView.swift in Sources */,
				05186C2C26812B9000F46EEC /* MapView.swift in Sources */,
				05186BFF2681239000F46EEC /* LandmarksApp.swift in Sources */,
				05186C392682C6F500F46EEC /* LandmarkList.swift in Sources */,
				053770B52683B92B00049FC3 /* LandmarkDetail.swift in Sources */,
				05186C2A26812A2500F46EEC /* CircleImage.swift in Sources */,
				05186C302682BC3F00F46EEC /* Landmark.swift in Sources */,
				05186C372682C49100F46EEC /* LandmarkRow.swift in Sources */,
				05186C322682BE4F00F46EEC /* ModelData.swift in Sources */,
			);
			runOnlyForDeploymentPostprocessing = 0;
		};
		05186C082681239200F46EEC /* Sources */ = {
			isa = PBXSourcesBuildPhase;
			buildActionMask = 2147483647;
			files = (
				05186C112681239200F46EEC /* LandmarksTests.swift in Sources */,
			);
			runOnlyForDeploymentPostprocessing = 0;
		};
		05186C132681239200F46EEC /* Sources */ = {
			isa = PBXSourcesBuildPhase;
			buildActionMask = 2147483647;
			files = (
				05186C1C2681239200F46EEC /* LandmarksUITests.swift in Sources */,
			);
			runOnlyForDeploymentPostprocessing = 0;
		};
/* End PBXSourcesBuildPhase section */

/* Begin PBXTargetDependency section */
		05186C0E2681239200F46EEC /* PBXTargetDependency */ = {
			isa = PBXTargetDependency;
			target = 05186BFA2681239000F46EEC /* Landmarks */;
			targetProxy = 05186C0D2681239200F46EEC /* PBXContainerItemProxy */;
		};
		05186C192681239200F46EEC /* PBXTargetDependency */ = {
			isa = PBXTargetDependency;
			target = 05186BFA2681239000F46EEC /* Landmarks */;
			targetProxy = 05186C182681239200F46EEC /* PBXContainerItemProxy */;
		};
/* End PBXTargetDependency section */

/* Begin XCBuildConfiguration section */
		05186C1E2681239200F46EEC /* Debug */ = {
			isa = XCBuildConfiguration;
			buildSettings = {
				ALWAYS_SEARCH_USER_PATHS = NO;
				CLANG_ANALYZER_NONNULL = YES;
				CLANG_ANALYZER_NUMBER_OBJECT_CONVERSION = YES_AGGRESSIVE;
				CLANG_CXX_LANGUAGE_STANDARD = "gnu++14";
				CLANG_CXX_LIBRARY = "libc++";
				CLANG_ENABLE_MODULES = YES;
				CLANG_ENABLE_OBJC_ARC = YES;
				CLANG_ENABLE_OBJC_WEAK = YES;
				CLANG_WARN_BLOCK_CAPTURE_AUTORELEASING = YES;
				CLANG_WARN_BOOL_CONVERSION = YES;
				CLANG_WARN_COMMA = YES;
				CLANG_WARN_CONSTANT_CONVERSION = YES;
				CLANG_WARN_DEPRECATED_OBJC_IMPLEMENTATIONS = YES;
				CLANG_WARN_DIRECT_OBJC_ISA_USAGE = YES_ERROR;
				CLANG_WARN_DOCUMENTATION_COMMENTS = YES;
				CLANG_WARN_EMPTY_BODY = YES;
				CLANG_WARN_ENUM_CONVERSION = YES;
				CLANG_WARN_INFINITE_RECURSION = YES;
				CLANG_WARN_INT_CONVERSION = YES;
				CLANG_WARN_NON_LITERAL_NULL_CONVERSION = YES;
				CLANG_WARN_OBJC_IMPLICIT_RETAIN_SELF = YES;
				CLANG_WARN_OBJC_LITERAL_CONVERSION = YES;
				CLANG_WARN_OBJC_ROOT_CLASS = YES_ERROR;
				CLANG_WARN_QUOTED_INCLUDE_IN_FRAMEWORK_HEADER = YES;
				CLANG_WARN_RANGE_LOOP_ANALYSIS = YES;
				CLANG_WARN_STRICT_PROTOTYPES = YES;
				CLANG_WARN_SUSPICIOUS_MOVE = YES;
				CLANG_WARN_UNGUARDED_AVAILABILITY = YES_AGGRESSIVE;
				CLANG_WARN_UNREACHABLE_CODE = YES;
				CLANG_WARN__DUPLICATE_METHOD_MATCH = YES;
				COPY_PHASE_STRIP = NO;
				DEBUG_INFORMATION_FORMAT = dwarf;
				ENABLE_STRICT_OBJC_MSGSEND = YES;
				ENABLE_TESTABILITY = YES;
				GCC_C_LANGUAGE_STANDARD = gnu11;
				GCC_DYNAMIC_NO_PIC = NO;
				GCC_NO_COMMON_BLOCKS = YES;
				GCC_OPTIMIZATION_LEVEL = 0;
				GCC_PREPROCESSOR_DEFINITIONS = (
					"DEBUG=1",
					"$(inherited)",
				);
				GCC_WARN_64_TO_32_BIT_CONVERSION = YES;
				GCC_WARN_ABOUT_RETURN_TYPE = YES_ERROR;
				GCC_WARN_UNDECLARED_SELECTOR = YES;
				GCC_WARN_UNINITIALIZED_AUTOS = YES_AGGRESSIVE;
				GCC_WARN_UNUSED_FUNCTION = YES;
				GCC_WARN_UNUSED_VARIABLE = YES;
				IPHONEOS_DEPLOYMENT_TARGET = 14.5;
				MTL_ENABLE_DEBUG_INFO = INCLUDE_SOURCE;
				MTL_FAST_MATH = YES;
				ONLY_ACTIVE_ARCH = YES;
				SDKROOT = iphoneos;
				SWIFT_ACTIVE_COMPILATION_CONDITIONS = DEBUG;
				SWIFT_OPTIMIZATION_LEVEL = "-Onone";
			};
			name = Debug;
		};
		05186C1F2681239200F46EEC /* Release */ = {
			isa = XCBuildConfiguration;
			buildSettings = {
				ALWAYS_SEARCH_USER_PATHS = NO;
				CLANG_ANALYZER_NONNULL = YES;
				CLANG_ANALYZER_NUMBER_OBJECT_CONVERSION = YES_AGGRESSIVE;
				CLANG_CXX_LANGUAGE_STANDARD = "gnu++14";
				CLANG_CXX_LIBRARY = "libc++";
				CLANG_ENABLE_MODULES = YES;
				CLANG_ENABLE_OBJC_ARC = YES;
				CLANG_ENABLE_OBJC_WEAK = YES;
				CLANG_WARN_BLOCK_CAPTURE_AUTORELEASING = YES;
				CLANG_WARN_BOOL_CONVERSION = YES;
				CLANG_WARN_COMMA = YES;
				CLANG_WARN_CONSTANT_CONVERSION = YES;
				CLANG_WARN_DEPRECATED_OBJC_IMPLEMENTATIONS = YES;
				CLANG_WARN_DIRECT_OBJC_ISA_USAGE = YES_ERROR;
				CLANG_WARN_DOCUMENTATION_COMMENTS = YES;
				CLANG_WARN_EMPTY_BODY = YES;
				CLANG_WARN_ENUM_CONVERSION = YES;
				CLANG_WARN_INFINITE_RECURSION = YES;
				CLANG_WARN_INT_CONVERSION = YES;
				CLANG_WARN_NON_LITERAL_NULL_CONVERSION = YES;
				CLANG_WARN_OBJC_IMPLICIT_RETAIN_SELF = YES;
				CLANG_WARN_OBJC_LITERAL_CONVERSION = YES;
				CLANG_WARN_OBJC_ROOT_CLASS = YES_ERROR;
				CLANG_WARN_QUOTED_INCLUDE_IN_FRAMEWORK_HEADER = YES;
				CLANG_WARN_RANGE_LOOP_ANALYSIS = YES;
				CLANG_WARN_STRICT_PROTOTYPES = YES;
				CLANG_WARN_SUSPICIOUS_MOVE = YES;
				CLANG_WARN_UNGUARDED_AVAILABILITY = YES_AGGRESSIVE;
				CLANG_WARN_UNREACHABLE_CODE = YES;
				CLANG_WARN__DUPLICATE_METHOD_MATCH = YES;
				COPY_PHASE_STRIP = NO;
				DEBUG_INFORMATION_FORMAT = "dwarf-with-dsym";
				ENABLE_NS_ASSERTIONS = NO;
				ENABLE_STRICT_OBJC_MSGSEND = YES;
				GCC_C_LANGUAGE_STANDARD = gnu11;
				GCC_NO_COMMON_BLOCKS = YES;
				GCC_WARN_64_TO_32_BIT_CONVERSION = YES;
				GCC_WARN_ABOUT_RETURN_TYPE = YES_ERROR;
				GCC_WARN_UNDECLARED_SELECTOR = YES;
				GCC_WARN_UNINITIALIZED_AUTOS = YES_AGGRESSIVE;
				GCC_WARN_UNUSED_FUNCTION = YES;
				GCC_WARN_UNUSED_VARIABLE = YES;
				IPHONEOS_DEPLOYMENT_TARGET = 14.5;
				MTL_ENABLE_DEBUG_INFO = NO;
				MTL_FAST_MATH = YES;
				SDKROOT = iphoneos;
				SWIFT_COMPILATION_MODE = wholemodule;
				SWIFT_OPTIMIZATION_LEVEL = "-O";
				VALIDATE_PRODUCT = YES;
			};
			name = Release;
		};
		05186C212681239200F46EEC /* Debug */ = {
			isa = XCBuildConfiguration;
			buildSettings = {
				ASSETCATALOG_COMPILER_APPICON_NAME = AppIcon;
				ASSETCATALOG_COMPILER_GLOBAL_ACCENT_COLOR_NAME = AccentColor;
				CODE_SIGN_STYLE = Automatic;
				DEVELOPMENT_ASSET_PATHS = "\"Landmarks/Preview Content\"";
				ENABLE_PREVIEWS = YES;
				INFOPLIST_FILE = Landmarks/Info.plist;
				IPHONEOS_DEPLOYMENT_TARGET = 14.0;
				LD_RUNPATH_SEARCH_PATHS = (
					"$(inherited)",
					"@executable_path/Frameworks",
				);
				PRODUCT_BUNDLE_IDENTIFIER = my.Landmarks;
				PRODUCT_NAME = "$(TARGET_NAME)";
				SWIFT_VERSION = 5.0;
				TARGETED_DEVICE_FAMILY = "1,2";
			};
			name = Debug;
		};
		05186C222681239200F46EEC /* Release */ = {
			isa = XCBuildConfiguration;
			buildSettings = {
				ASSETCATALOG_COMPILER_APPICON_NAME = AppIcon;
				ASSETCATALOG_COMPILER_GLOBAL_ACCENT_COLOR_NAME = AccentColor;
				CODE_SIGN_STYLE = Automatic;
				DEVELOPMENT_ASSET_PATHS = "\"Landmarks/Preview Content\"";
				ENABLE_PREVIEWS = YES;
				INFOPLIST_FILE = Landmarks/Info.plist;
				IPHONEOS_DEPLOYMENT_TARGET = 14.0;
				LD_RUNPATH_SEARCH_PATHS = (
					"$(inherited)",
					"@executable_path/Frameworks",
				);
				PRODUCT_BUNDLE_IDENTIFIER = my.Landmarks;
				PRODUCT_NAME = "$(TARGET_NAME)";
				SWIFT_VERSION = 5.0;
				TARGETED_DEVICE_FAMILY = "1,2";
			};
			name = Release;
		};
		05186C242681239200F46EEC /* Debug */ = {
			isa = XCBuildConfiguration;
			buildSettings = {
				ALWAYS_EMBED_SWIFT_STANDARD_LIBRARIES = YES;
				BUNDLE_LOADER = "$(TEST_HOST)";
				CODE_SIGN_STYLE = Automatic;
				INFOPLIST_FILE = LandmarksTests/Info.plist;
				IPHONEOS_DEPLOYMENT_TARGET = 14.0;
				LD_RUNPATH_SEARCH_PATHS = (
					"$(inherited)",
					"@executable_path/Frameworks",
					"@loader_path/Frameworks",
				);
				PRODUCT_BUNDLE_IDENTIFIER = my.LandmarksTests;
				PRODUCT_NAME = "$(TARGET_NAME)";
				SWIFT_VERSION = 5.0;
				TARGETED_DEVICE_FAMILY = "1,2";
				TEST_HOST = "$(BUILT_PRODUCTS_DIR)/Landmarks.app/Landmarks";
			};
			name = Debug;
		};
		05186C252681239200F46EEC /* Release */ = {
			isa = XCBuildConfiguration;
			buildSettings = {
				ALWAYS_EMBED_SWIFT_STANDARD_LIBRARIES = YES;
				BUNDLE_LOADER = "$(TEST_HOST)";
				CODE_SIGN_STYLE = Automatic;
				INFOPLIST_FILE = LandmarksTests/Info.plist;
				IPHONEOS_DEPLOYMENT_TARGET = 14.0;
				LD_RUNPATH_SEARCH_PATHS = (
					"$(inherited)",
					"@executable_path/Frameworks",
					"@loader_path/Frameworks",
				);
				PRODUCT_BUNDLE_IDENTIFIER = my.LandmarksTests;
				PRODUCT_NAME = "$(TARGET_NAME)";
				SWIFT_VERSION = 5.0;
				TARGETED_DEVICE_FAMILY = "1,2";
				TEST_HOST = "$(BUILT_PRODUCTS_DIR)/Landmarks.app/Landmarks";
			};
			name = Release;
		};
		05186C272681239200F46EEC /* Debug */ = {
			isa = XCBuildConfiguration;
			buildSettings = {
				ALWAYS_EMBED_SWIFT_STANDARD_LIBRARIES = YES;
				CODE_SIGN_STYLE = Automatic;
				INFOPLIST_FILE = LandmarksUITests/Info.plist;
				LD_RUNPATH_SEARCH_PATHS = (
					"$(inherited)",
					"@executable_path/Frameworks",
					"@loader_path/Frameworks",
				);
				PRODUCT_BUNDLE_IDENTIFIER = my.LandmarksUITests;
				PRODUCT_NAME = "$(TARGET_NAME)";
				SWIFT_VERSION = 5.0;
				TARGETED_DEVICE_FAMILY = "1,2";
				TEST_TARGET_NAME = Landmarks;
			};
			name = Debug;
		};
		05186C282681239200F46EEC /* Release */ = {
			isa = XCBuildConfiguration;
			buildSettings = {
				ALWAYS_EMBED_SWIFT_STANDARD_LIBRARIES = YES;
				CODE_SIGN_STYLE = Automatic;
				INFOPLIST_FILE = LandmarksUITests/Info.plist;
				LD_RUNPATH_SEARCH_PATHS = (
					"$(inherited)",
					"@executable_path/Frameworks",
					"@loader_path/Frameworks",
				);
				PRODUCT_BUNDLE_IDENTIFIER = my.LandmarksUITests;
				PRODUCT_NAME = "$(TARGET_NAME)";
				SWIFT_VERSION = 5.0;
				TARGETED_DEVICE_FAMILY = "1,2";
				TEST_TARGET_NAME = Landmarks;
			};
			name = Release;
		};
/* End XCBuildConfiguration section */

/* Begin XCConfigurationList section */
		05186BF62681239000F46EEC /* Build configuration list for PBXProject "Landmarks" */ = {
			isa = XCConfigurationList;
			buildConfigurations = (
				05186C1E2681239200F46EEC /* Debug */,
				05186C1F2681239200F46EEC /* Release */,
			);
			defaultConfigurationIsVisible = 0;
			defaultConfigurationName = Release;
		};
		05186C202681239200F46EEC /* Build configuration list for PBXNativeTarget "Landmarks" */ = {
			isa = XCConfigurationList;
			buildConfigurations = (
				05186C212681239200F46EEC /* Debug */,
				05186C222681239200F46EEC /* Release */,
			);
			defaultConfigurationIsVisible = 0;
			defaultConfigurationName = Release;
		};
		05186C232681239200F46EEC /* Build configuration list for PBXNativeTarget "LandmarksTests" */ = {
			isa = XCConfigurationList;
			buildConfigurations = (
				05186C242681239200F46EEC /* Debug */,
				05186C252681239200F46EEC /* Release */,
			);
			defaultConfigurationIsVisible = 0;
			defaultConfigurationName = Release;
		};
		05186C262681239200F46EEC /* Build configuration list for PBXNativeTarget "LandmarksUITests" */ = {
			isa = XCConfigurationList;
			buildConfigurations = (
				05186C272681239200F46EEC /* Debug */,
				05186C282681239200F46EEC /* Release */,
			);
			defaultConfigurationIsVisible = 0;
			defaultConfigurationName = Release;
		};
/* End XCConfigurationList section */
	};
	rootObject = 05186BF32681239000F46EEC /* Project object */;
}
